
Microsoft Visual Studio Solution File, Format Version 12.00
# Visual Studio Version 16
VisualStudioVersion = 16.0.30320.27
MinimumVisualStudioVersion = 10.0.40219.1
Project("{FAE04EC0-301F-11D3-BF4B-00C04F79EFBC}") = "WindowsFormsApp3", "WindowsFormsApp3\WindowsFormsApp3.csproj", "{7420189F-7F3D-4983-BBD0-C9963ED846FF}"
EndProject
Global
	GlobalSection(SolutionConfigurationPlatforms) = preSolution
		Debug|Any CPU = Debug|Any CPU
		Release|Any CPU = Release|Any CPU
	EndGlobalSection
	GlobalSection(ProjectConfigurationPlatforms) = postSolution
		{7420189F-7F3D-4983-BBD0-C9963ED846FF}.Debug|Any CPU.ActiveCfg = Debug|Any CPU
		{7420189F-7F3D-4983-BBD0-C9963ED846FF}.Debug|Any CPU.Build.0 = Debug|Any CPU
		{7420189F-7F3D-4983-BBD0-C9963ED846FF}.Release|Any CPU.ActiveCfg = Release|Any CPU
		{7420189F-7F3D-4983-BBD0-C9963ED846FF}.Release|Any CPU.Build.0 = Release|Any CPU
	EndGlobalSection
	GlobalSection(SolutionProperties) = preSolution
		HideSolutionNode = FALSE
	EndGlobalSection
	GlobalSection(ExtensibilityGlobals) = postSolution
		SolutionGuid = {A8CB01B5-4AB0-4D01-85DB-71991D14273C}
	EndGlobalSection
EndGlobal
